
Microsoft Visual Studio Solution File, Format Version 12.00
# Visual Studio Version 17
VisualStudioVersion = 17.2.32630.192
MinimumVisualStudioVersion = 10.0.40219.1
Project("{9A19103F-16F7-4668-BE54-9A1E7A4F7556}") = "SebralabPortal", "Sebralab\SebralabPortal.csproj", "{805484B6-1CF5-418E-90B8-F458466416DA}"
EndProject
Project("{2150E333-8FDC-42A3-9474-1A3956D46DE8}") = "Services", "Services", "{64BDB489-BEB6-4196-95F2-B6962143B53A}"
EndProject
Project("{2150E333-8FDC-42A3-9474-1A3956D46DE8}") = "Core", "Core", "{E8FD8B16-7D41-4D12-BB72-EAB283F1AF64}"
EndProject
Project("{9A19103F-16F7-4668-BE54-9A1E7A4F7556}") = "SebraeLab.Core", "SebraeLab.core\SebraeLab.Core.csproj", "{C3B9491C-86E7-4FF5-9740-3F1B97F18058}"
EndProject
Project("{2150E333-8FDC-42A3-9474-1A3956D46DE8}") = "EventosLab", "EventosLab", "{60E66F16-D74A-4DAD-A8EC-E8BB5D4A9BE0}"
EndProject
Project("{2150E333-8FDC-42A3-9474-1A3956D46DE8}") = "Conteudo", "Conteudo", "{7A8CF7DF-7D48-482A-BDC6-B95B57F4EA5A}"
EndProject
Project("{9A19103F-16F7-4668-BE54-9A1E7A4F7556}") = "SebraeLabAdmin", "SebraeLabAdmin\SebraeLabAdmin.csproj", "{A34529BD-03CB-4353-B0C2-1F288DCFBC66}"
EndProject
Project("{9A19103F-16F7-4668-BE54-9A1E7A4F7556}") = "SebraeLab.Evento.App", "SebraeLab.Evento.App\SebraeLab.Evento.App.csproj", "{8B7CB0B5-7B34-4979-94F2-ACF6F5EC2B62}"
EndProject
Project("{9A19103F-16F7-4668-BE54-9A1E7A4F7556}") = "SebraeLab.Evento.Data", "SebraeLab.Evento.Data\SebraeLab.Evento.Data.csproj", "{D4E8EC3A-B2D6-45FD-98CF-2A6C5F133663}"
EndProject
Project("{9A19103F-16F7-4668-BE54-9A1E7A4F7556}") = "SebraeLab.Evento.Domain", "SebraeLab.Evento.Domain\SebraeLab.Evento.Domain.csproj", "{3822FB87-0C1E-4A81-AB23-EBC813A918E5}"
EndProject
Project("{2150E333-8FDC-42A3-9474-1A3956D46DE8}") = "Bloqueador", "Bloqueador", "{D4CCEEB8-5B80-49E0-8E85-3F90DE20FCAA}"
EndProject
Project("{9A19103F-16F7-4668-BE54-9A1E7A4F7556}") = "SebraeLab.Bloqueio.App", "SebraeLab.Bloqui.App\SebraeLab.Bloqueio.App.csproj", "{8C1B6BE3-4855-4223-882F-707E7B27C156}"
EndProject
Project("{9A19103F-16F7-4668-BE54-9A1E7A4F7556}") = "SebraeLab.Bloqueio.Data", "SebraeLab.Bloqueio.Data\SebraeLab.Bloqueio.Data.csproj", "{83729B2F-CA80-4A93-8D6F-D5441258E4DF}"
EndProject
Project("{9A19103F-16F7-4668-BE54-9A1E7A4F7556}") = "SebraeLab.Bloqueio.Domain", "SebraeLab.Bloqueio.Domain\SebraeLab.Bloqueio.Domain.csproj", "{63342321-62B7-45CC-BD54-F29E94DA6A6D}"
EndProject
Project("{2150E333-8FDC-42A3-9474-1A3956D46DE8}") = "Usuario", "Usuario", "{0585F907-D2BB-426A-AEC7-DBD7EBC1DB5A}"
EndProject
Project("{9A19103F-16F7-4668-BE54-9A1E7A4F7556}") = "Sebraelab.Usuario.Domain", "Sebraelab.Usuario.Domain\Sebraelab.Usuario.Domain.csproj", "{F0542A33-85D8-4A5D-9200-824791E129DC}"
EndProject
Project("{2150E333-8FDC-42A3-9474-1A3956D46DE8}") = "NewsLetter", "NewsLetter", "{58AA06A8-97F9-485D-9F9A-3474A17408ED}"
EndProject
Project("{9A19103F-16F7-4668-BE54-9A1E7A4F7556}") = "SebraeLab.NewsLetter.App", "SebraeLab.NewsLetter.App\SebraeLab.NewsLetter.App.csproj", "{0182CA8E-DBC3-491E-9032-9C9F1111A1C0}"
EndProject
Project("{9A19103F-16F7-4668-BE54-9A1E7A4F7556}") = "SebraeLab.NewsLetter.Data", "SebraeLab.NewsLetter.Data\SebraeLab.NewsLetter.Data.csproj", "{6640BD3D-B47D-4839-835E-370C2F1B4DE1}"
EndProject
Project("{9A19103F-16F7-4668-BE54-9A1E7A4F7556}") = "SebraeLab.NewsLetter.Domain", "SebraeLab.NewsLetter.Domain\SebraeLab.NewsLetter.Domain.csproj", "{42AF8E17-38A5-4621-A7CA-F3E102CD1393}"
EndProject
Project("{9A19103F-16F7-4668-BE54-9A1E7A4F7556}") = "SebraeLabToten", "..\..\backend-toten\SebraeLabToten\SebraeLabToten.csproj", "{25A469EE-3437-404B-9532-0CBC9B554322}"
EndProject
Project("{2150E333-8FDC-42A3-9474-1A3956D46DE8}") = "Toten", "Toten", "{26B6764F-8868-43EE-9C71-F5CC1C1AEC35}"
EndProject
Project("{9A19103F-16F7-4668-BE54-9A1E7A4F7556}") = "SebraeLab.Toten.App", "SebraeLab.Toten.App\SebraeLab.Toten.App.csproj", "{9F86577C-1C67-4603-9E9E-546897E938D5}"
EndProject
Project("{9A19103F-16F7-4668-BE54-9A1E7A4F7556}") = "SebraeLab.Toten.Data", "SebraeLab.Toten.Data\SebraeLab.Toten.Data.csproj", "{E50288FA-16EF-4C71-AE8F-C7D0029FC79C}"
EndProject
Project("{9A19103F-16F7-4668-BE54-9A1E7A4F7556}") = "SebraeLab.Toten.Domain", "SebraeLab.Toten.Domain\SebraeLab.Toten.Domain.csproj", "{54BC0171-2238-498F-86AF-443F87E777D9}"
EndProject
Project("{9A19103F-16F7-4668-BE54-9A1E7A4F7556}") = "SebraeLab.Conteudo.App", "SebraeLab.Conteudo.App\SebraeLab.Conteudo.App.csproj", "{49C5F633-4C7B-4FE3-B924-EF51D23B045E}"
EndProject
Project("{9A19103F-16F7-4668-BE54-9A1E7A4F7556}") = "SebraeLab.Conteudo.Data", "SebraeLab.Conteudo.Data\SebraeLab.Conteudo.Data.csproj", "{77E54257-170D-496A-9FF9-378F62762AED}"
EndProject
Project("{9A19103F-16F7-4668-BE54-9A1E7A4F7556}") = "SebraeLab.Conteudo.Domain", "SebraeLab.Conteudo.Domain\SebraeLab.Conteudo.Domain.csproj", "{D5CA4D03-D40C-46D9-9230-B1767CFDF01B}"
EndProject
Global
	GlobalSection(SolutionConfigurationPlatforms) = preSolution
		Debug|Any CPU = Debug|Any CPU
		Release|Any CPU = Release|Any CPU
	EndGlobalSection
	GlobalSection(ProjectConfigurationPlatforms) = postSolution
		{805484B6-1CF5-418E-90B8-F458466416DA}.Debug|Any CPU.ActiveCfg = Debug|Any CPU
		{805484B6-1CF5-418E-90B8-F458466416DA}.Debug|Any CPU.Build.0 = Debug|Any CPU
		{805484B6-1CF5-418E-90B8-F458466416DA}.Release|Any CPU.ActiveCfg = Release|Any CPU
		{805484B6-1CF5-418E-90B8-F458466416DA}.Release|Any CPU.Build.0 = Release|Any CPU
		{C3B9491C-86E7-4FF5-9740-3F1B97F18058}.Debug|Any CPU.ActiveCfg = Debug|Any CPU
		{C3B9491C-86E7-4FF5-9740-3F1B97F18058}.Debug|Any CPU.Build.0 = Debug|Any CPU
		{C3B9491C-86E7-4FF5-9740-3F1B97F18058}.Release|Any CPU.ActiveCfg = Release|Any CPU
		{C3B9491C-86E7-4FF5-9740-3F1B97F18058}.Release|Any CPU.Build.0 = Release|Any CPU
		{A34529BD-03CB-4353-B0C2-1F288DCFBC66}.Debug|Any CPU.ActiveCfg = Debug|Any CPU
		{A34529BD-03CB-4353-B0C2-1F288DCFBC66}.Debug|Any CPU.Build.0 = Debug|Any CPU
		{A34529BD-03CB-4353-B0C2-1F288DCFBC66}.Release|Any CPU.ActiveCfg = Release|Any CPU
		{A34529BD-03CB-4353-B0C2-1F288DCFBC66}.Release|Any CPU.Build.0 = Release|Any CPU
		{8B7CB0B5-7B34-4979-94F2-ACF6F5EC2B62}.Debug|Any CPU.ActiveCfg = Debug|Any CPU
		{8B7CB0B5-7B34-4979-94F2-ACF6F5EC2B62}.Debug|Any CPU.Build.0 = Debug|Any CPU
		{8B7CB0B5-7B34-4979-94F2-ACF6F5EC2B62}.Release|Any CPU.ActiveCfg = Release|Any CPU
		{8B7CB0B5-7B34-4979-94F2-ACF6F5EC2B62}.Release|Any CPU.Build.0 = Release|Any CPU
		{D4E8EC3A-B2D6-45FD-98CF-2A6C5F133663}.Debug|Any CPU.ActiveCfg = Debug|Any CPU
		{D4E8EC3A-B2D6-45FD-98CF-2A6C5F133663}.Debug|Any CPU.Build.0 = Debug|Any CPU
		{D4E8EC3A-B2D6-45FD-98CF-2A6C5F133663}.Release|Any CPU.ActiveCfg = Release|Any CPU
		{D4E8EC3A-B2D6-45FD-98CF-2A6C5F133663}.Release|Any CPU.Build.0 = Release|Any CPU
		{3822FB87-0C1E-4A81-AB23-EBC813A918E5}.Debug|Any CPU.ActiveCfg = Debug|Any CPU
		{3822FB87-0C1E-4A81-AB23-EBC813A918E5}.Debug|Any CPU.Build.0 = Debug|Any CPU
		{3822FB87-0C1E-4A81-AB23-EBC813A918E5}.Release|Any CPU.ActiveCfg = Release|Any CPU
		{3822FB87-0C1E-4A81-AB23-EBC813A918E5}.Release|Any CPU.Build.0 = Release|Any CPU
		{8C1B6BE3-4855-4223-882F-707E7B27C156}.Debug|Any CPU.ActiveCfg = Debug|Any CPU
		{8C1B6BE3-4855-4223-882F-707E7B27C156}.Debug|Any CPU.Build.0 = Debug|Any CPU
		{8C1B6BE3-4855-4223-882F-707E7B27C156}.Release|Any CPU.ActiveCfg = Release|Any CPU
		{8C1B6BE3-4855-4223-882F-707E7B27C156}.Release|Any CPU.Build.0 = Release|Any CPU
		{83729B2F-CA80-4A93-8D6F-D5441258E4DF}.Debug|Any CPU.ActiveCfg = Debug|Any CPU
		{83729B2F-CA80-4A93-8D6F-D5441258E4DF}.Debug|Any CPU.Build.0 = Debug|Any CPU
		{83729B2F-CA80-4A93-8D6F-D5441258E4DF}.Release|Any CPU.ActiveCfg = Release|Any CPU
		{83729B2F-CA80-4A93-8D6F-D5441258E4DF}.Release|Any CPU.Build.0 = Release|Any CPU
		{63342321-62B7-45CC-BD54-F29E94DA6A6D}.Debug|Any CPU.ActiveCfg = Debug|Any CPU
		{63342321-62B7-45CC-BD54-F29E94DA6A6D}.Debug|Any CPU.Build.0 = Debug|Any CPU
		{63342321-62B7-45CC-BD54-F29E94DA6A6D}.Release|Any CPU.ActiveCfg = Release|Any CPU
		{63342321-62B7-45CC-BD54-F29E94DA6A6D}.Release|Any CPU.Build.0 = Release|Any CPU
		{F0542A33-85D8-4A5D-9200-824791E129DC}.Debug|Any CPU.ActiveCfg = Debug|Any CPU
		{F0542A33-85D8-4A5D-9200-824791E129DC}.Debug|Any CPU.Build.0 = Debug|Any CPU
		{F0542A33-85D8-4A5D-9200-824791E129DC}.Release|Any CPU.ActiveCfg = Release|Any CPU
		{F0542A33-85D8-4A5D-9200-824791E129DC}.Release|Any CPU.Build.0 = Release|Any CPU
		{0182CA8E-DBC3-491E-9032-9C9F1111A1C0}.Debug|Any CPU.ActiveCfg = Debug|Any CPU
		{0182CA8E-DBC3-491E-9032-9C9F1111A1C0}.Debug|Any CPU.Build.0 = Debug|Any CPU
		{0182CA8E-DBC3-491E-9032-9C9F1111A1C0}.Release|Any CPU.ActiveCfg = Release|Any CPU
		{0182CA8E-DBC3-491E-9032-9C9F1111A1C0}.Release|Any CPU.Build.0 = Release|Any CPU
		{6640BD3D-B47D-4839-835E-370C2F1B4DE1}.Debug|Any CPU.ActiveCfg = Debug|Any CPU
		{6640BD3D-B47D-4839-835E-370C2F1B4DE1}.Debug|Any CPU.Build.0 = Debug|Any CPU
		{6640BD3D-B47D-4839-835E-370C2F1B4DE1}.Release|Any CPU.ActiveCfg = Release|Any CPU
		{6640BD3D-B47D-4839-835E-370C2F1B4DE1}.Release|Any CPU.Build.0 = Release|Any CPU
		{42AF8E17-38A5-4621-A7CA-F3E102CD1393}.Debug|Any CPU.ActiveCfg = Debug|Any CPU
		{42AF8E17-38A5-4621-A7CA-F3E102CD1393}.Debug|Any CPU.Build.0 = Debug|Any CPU
		{42AF8E17-38A5-4621-A7CA-F3E102CD1393}.Release|Any CPU.ActiveCfg = Release|Any CPU
		{42AF8E17-38A5-4621-A7CA-F3E102CD1393}.Release|Any CPU.Build.0 = Release|Any CPU
		{25A469EE-3437-404B-9532-0CBC9B554322}.Debug|Any CPU.ActiveCfg = Debug|Any CPU
		{25A469EE-3437-404B-9532-0CBC9B554322}.Debug|Any CPU.Build.0 = Debug|Any CPU
		{25A469EE-3437-404B-9532-0CBC9B554322}.Release|Any CPU.ActiveCfg = Release|Any CPU
		{25A469EE-3437-404B-9532-0CBC9B554322}.Release|Any CPU.Build.0 = Release|Any CPU
		{9F86577C-1C67-4603-9E9E-546897E938D5}.Debug|Any CPU.ActiveCfg = Debug|Any CPU
		{9F86577C-1C67-4603-9E9E-546897E938D5}.Debug|Any CPU.Build.0 = Debug|Any CPU
		{9F86577C-1C67-4603-9E9E-546897E938D5}.Release|Any CPU.ActiveCfg = Release|Any CPU
		{9F86577C-1C67-4603-9E9E-546897E938D5}.Release|Any CPU.Build.0 = Release|Any CPU
		{E50288FA-16EF-4C71-AE8F-C7D0029FC79C}.Debug|Any CPU.ActiveCfg = Debug|Any CPU
		{E50288FA-16EF-4C71-AE8F-C7D0029FC79C}.Debug|Any CPU.Build.0 = Debug|Any CPU
		{E50288FA-16EF-4C71-AE8F-C7D0029FC79C}.Release|Any CPU.ActiveCfg = Release|Any CPU
		{E50288FA-16EF-4C71-AE8F-C7D0029FC79C}.Release|Any CPU.Build.0 = Release|Any CPU
		{54BC0171-2238-498F-86AF-443F87E777D9}.Debug|Any CPU.ActiveCfg = Debug|Any CPU
		{54BC0171-2238-498F-86AF-443F87E777D9}.Debug|Any CPU.Build.0 = Debug|Any CPU
		{54BC0171-2238-498F-86AF-443F87E777D9}.Release|Any CPU.ActiveCfg = Release|Any CPU
		{54BC0171-2238-498F-86AF-443F87E777D9}.Release|Any CPU.Build.0 = Release|Any CPU
		{49C5F633-4C7B-4FE3-B924-EF51D23B045E}.Debug|Any CPU.ActiveCfg = Debug|Any CPU
		{49C5F633-4C7B-4FE3-B924-EF51D23B045E}.Debug|Any CPU.Build.0 = Debug|Any CPU
		{49C5F633-4C7B-4FE3-B924-EF51D23B045E}.Release|Any CPU.ActiveCfg = Release|Any CPU
		{49C5F633-4C7B-4FE3-B924-EF51D23B045E}.Release|Any CPU.Build.0 = Release|Any CPU
		{77E54257-170D-496A-9FF9-378F62762AED}.Debug|Any CPU.ActiveCfg = Debug|Any CPU
		{77E54257-170D-496A-9FF9-378F62762AED}.Debug|Any CPU.Build.0 = Debug|Any CPU
		{77E54257-170D-496A-9FF9-378F62762AED}.Release|Any CPU.ActiveCfg = Release|Any CPU
		{77E54257-170D-496A-9FF9-378F62762AED}.Release|Any CPU.Build.0 = Release|Any CPU
		{D5CA4D03-D40C-46D9-9230-B1767CFDF01B}.Debug|Any CPU.ActiveCfg = Debug|Any CPU
		{D5CA4D03-D40C-46D9-9230-B1767CFDF01B}.Debug|Any CPU.Build.0 = Debug|Any CPU
		{D5CA4D03-D40C-46D9-9230-B1767CFDF01B}.Release|Any CPU.ActiveCfg = Release|Any CPU
		{D5CA4D03-D40C-46D9-9230-B1767CFDF01B}.Release|Any CPU.Build.0 = Release|Any CPU
	EndGlobalSection
	GlobalSection(SolutionProperties) = preSolution
		HideSolutionNode = FALSE
	EndGlobalSection
	GlobalSection(NestedProjects) = preSolution
		{E8FD8B16-7D41-4D12-BB72-EAB283F1AF64} = {64BDB489-BEB6-4196-95F2-B6962143B53A}
		{C3B9491C-86E7-4FF5-9740-3F1B97F18058} = {E8FD8B16-7D41-4D12-BB72-EAB283F1AF64}
		{60E66F16-D74A-4DAD-A8EC-E8BB5D4A9BE0} = {64BDB489-BEB6-4196-95F2-B6962143B53A}
		{7A8CF7DF-7D48-482A-BDC6-B95B57F4EA5A} = {64BDB489-BEB6-4196-95F2-B6962143B53A}
		{8B7CB0B5-7B34-4979-94F2-ACF6F5EC2B62} = {60E66F16-D74A-4DAD-A8EC-E8BB5D4A9BE0}
		{D4E8EC3A-B2D6-45FD-98CF-2A6C5F133663} = {60E66F16-D74A-4DAD-A8EC-E8BB5D4A9BE0}
		{3822FB87-0C1E-4A81-AB23-EBC813A918E5} = {60E66F16-D74A-4DAD-A8EC-E8BB5D4A9BE0}
		{D4CCEEB8-5B80-49E0-8E85-3F90DE20FCAA} = {64BDB489-BEB6-4196-95F2-B6962143B53A}
		{8C1B6BE3-4855-4223-882F-707E7B27C156} = {D4CCEEB8-5B80-49E0-8E85-3F90DE20FCAA}
		{83729B2F-CA80-4A93-8D6F-D5441258E4DF} = {D4CCEEB8-5B80-49E0-8E85-3F90DE20FCAA}
		{63342321-62B7-45CC-BD54-F29E94DA6A6D} = {D4CCEEB8-5B80-49E0-8E85-3F90DE20FCAA}
		{0585F907-D2BB-426A-AEC7-DBD7EBC1DB5A} = {64BDB489-BEB6-4196-95F2-B6962143B53A}
		{F0542A33-85D8-4A5D-9200-824791E129DC} = {0585F907-D2BB-426A-AEC7-DBD7EBC1DB5A}
		{58AA06A8-97F9-485D-9F9A-3474A17408ED} = {64BDB489-BEB6-4196-95F2-B6962143B53A}
		{0182CA8E-DBC3-491E-9032-9C9F1111A1C0} = {58AA06A8-97F9-485D-9F9A-3474A17408ED}
		{6640BD3D-B47D-4839-835E-370C2F1B4DE1} = {58AA06A8-97F9-485D-9F9A-3474A17408ED}
		{42AF8E17-38A5-4621-A7CA-F3E102CD1393} = {58AA06A8-97F9-485D-9F9A-3474A17408ED}
		{26B6764F-8868-43EE-9C71-F5CC1C1AEC35} = {64BDB489-BEB6-4196-95F2-B6962143B53A}
		{9F86577C-1C67-4603-9E9E-546897E938D5} = {26B6764F-8868-43EE-9C71-F5CC1C1AEC35}
		{E50288FA-16EF-4C71-AE8F-C7D0029FC79C} = {26B6764F-8868-43EE-9C71-F5CC1C1AEC35}
		{54BC0171-2238-498F-86AF-443F87E777D9} = {26B6764F-8868-43EE-9C71-F5CC1C1AEC35}
		{49C5F633-4C7B-4FE3-B924-EF51D23B045E} = {7A8CF7DF-7D48-482A-BDC6-B95B57F4EA5A}
		{77E54257-170D-496A-9FF9-378F62762AED} = {7A8CF7DF-7D48-482A-BDC6-B95B57F4EA5A}
		{D5CA4D03-D40C-46D9-9230-B1767CFDF01B} = {7A8CF7DF-7D48-482A-BDC6-B95B57F4EA5A}
	EndGlobalSection
	GlobalSection(ExtensibilityGlobals) = postSolution
		SolutionGuid = {7ACED538-9EBD-43F2-A845-DAAD45F1D51D}
	EndGlobalSection
EndGlobal
