
Microsoft Visual Studio Solution File, Format Version 12.00
# Visual Studio Version 17
VisualStudioVersion = 17.2.32630.192
MinimumVisualStudioVersion = 10.0.40219.1
Project("{FAE04EC0-301F-11D3-BF4B-00C04F79EFBC}") = "SebraeLabAdmin", "SebraeLabAdmin\SebraeLabAdmin.csproj", "{6FC7F05A-4C1E-45CC-BFF8-0ECAE8D434D7}"
EndProject
Project("{2150E333-8FDC-42A3-9474-1A3956D46DE8}") = "Core", "Core", "{0B54532C-9E76-4633-B246-1B4959F7A526}"
EndProject
Project("{2150E333-8FDC-42A3-9474-1A3956D46DE8}") = "Eventos", "Eventos", "{B486C15F-7C14-48E7-B9AB-AB38051615A7}"
EndProject
Project("{2150E333-8FDC-42A3-9474-1A3956D46DE8}") = "Publicacoes", "Publicacoes", "{7F70A313-C4E9-4D96-9ED4-607892EC59E0}"
EndProject
Global
	GlobalSection(SolutionConfigurationPlatforms) = preSolution
		Debug|Any CPU = Debug|Any CPU
		Release|Any CPU = Release|Any CPU
	EndGlobalSection
	GlobalSection(ProjectConfigurationPlatforms) = postSolution
		{6FC7F05A-4C1E-45CC-BFF8-0ECAE8D434D7}.Debug|Any CPU.ActiveCfg = Debug|Any CPU
		{6FC7F05A-4C1E-45CC-BFF8-0ECAE8D434D7}.Debug|Any CPU.Build.0 = Debug|Any CPU
		{6FC7F05A-4C1E-45CC-BFF8-0ECAE8D434D7}.Release|Any CPU.ActiveCfg = Release|Any CPU
		{6FC7F05A-4C1E-45CC-BFF8-0ECAE8D434D7}.Release|Any CPU.Build.0 = Release|Any CPU
	EndGlobalSection
	GlobalSection(SolutionProperties) = preSolution
		HideSolutionNode = FALSE
	EndGlobalSection
	GlobalSection(ExtensibilityGlobals) = postSolution
		SolutionGuid = {AC2C13E0-A971-43DE-A568-CAE33CAA7350}
	EndGlobalSection
EndGlobal
